
Microsoft Visual Studio Solution File, Format Version 12.00
# Visual Studio Version 17
VisualStudioVersion = 17.10.35027.167
MinimumVisualStudioVersion = 10.0.40219.1
Project("{9A19103F-16F7-4668-BE54-9A1E7A4F7556}") = "UsuariosApp.API", "UsuariosApp.API\UsuariosApp.API.csproj", "{236DC791-C5FA-4230-AC90-A81A75E12B1E}"
EndProject
Project("{2150E333-8FDC-42A3-9474-1A3956D46DE8}") = "APPLICATION", "APPLICATION", "{26845C9C-047F-4304-99E6-7CDA3B635787}"
EndProject
Project("{2150E333-8FDC-42A3-9474-1A3956D46DE8}") = "DOMAIN", "DOMAIN", "{C2369601-45EB-4E8A-AEE4-F71C5C14B006}"
EndProject
Project("{2150E333-8FDC-42A3-9474-1A3956D46DE8}") = "INFRASTRUCTURE", "INFRASTRUCTURE", "{F2B64E9C-93F4-495E-AF69-D9BA754CFD79}"
EndProject
Project("{9A19103F-16F7-4668-BE54-9A1E7A4F7556}") = "UsuariosApp.Domain", "UsuariosApp.Domain\UsuariosApp.Domain.csproj", "{CDA0EE22-5294-46DC-A386-61AA96BD35B3}"
EndProject
Project("{9A19103F-16F7-4668-BE54-9A1E7A4F7556}") = "UsuariosApp.Infra.Data", "UsuariosApp.Infra.Data\UsuariosApp.Infra.Data.csproj", "{F4E7FB3E-B5DF-4800-84B6-ED8E68DBE322}"
EndProject
Project("{2150E333-8FDC-42A3-9474-1A3956D46DE8}") = "TESTS", "TESTS", "{F616864F-583F-4C04-84A4-029D694AF43C}"
EndProject
Project("{9A19103F-16F7-4668-BE54-9A1E7A4F7556}") = "UsuariosApp.Tests", "UsuariosApp.Tests\UsuariosApp.Tests.csproj", "{3575EE71-1BE3-4BBE-859B-AF90FE81B2B1}"
EndProject
Project("{9A19103F-16F7-4668-BE54-9A1E7A4F7556}") = "UsuariosApp.Infra.Messages", "UsuariosApp.Infra.Messages\UsuariosApp.Infra.Messages.csproj", "{157CBB01-591B-4B25-B43F-0D59E2A5F386}"
EndProject
Project("{9A19103F-16F7-4668-BE54-9A1E7A4F7556}") = "UsuariosApp.Infra.Logs", "UsuariosApp.Infra.Logs\UsuariosApp.Infra.Logs.csproj", "{C4719446-C236-4443-B65F-88700039A29D}"
EndProject
Project("{FAE04EC0-301F-11D3-BF4B-00C04F79EFBC}") = "UsuariosApp.Infra.Security", "UsuariosApp.Infra.Security\UsuariosApp.Infra.Security.csproj", "{6E46DEA9-7518-46F3-ACD8-A8F741D32931}"
EndProject
Global
	GlobalSection(SolutionConfigurationPlatforms) = preSolution
		Debug|Any CPU = Debug|Any CPU
		Release|Any CPU = Release|Any CPU
	EndGlobalSection
	GlobalSection(ProjectConfigurationPlatforms) = postSolution
		{236DC791-C5FA-4230-AC90-A81A75E12B1E}.Debug|Any CPU.ActiveCfg = Debug|Any CPU
		{236DC791-C5FA-4230-AC90-A81A75E12B1E}.Debug|Any CPU.Build.0 = Debug|Any CPU
		{236DC791-C5FA-4230-AC90-A81A75E12B1E}.Release|Any CPU.ActiveCfg = Release|Any CPU
		{236DC791-C5FA-4230-AC90-A81A75E12B1E}.Release|Any CPU.Build.0 = Release|Any CPU
		{CDA0EE22-5294-46DC-A386-61AA96BD35B3}.Debug|Any CPU.ActiveCfg = Debug|Any CPU
		{CDA0EE22-5294-46DC-A386-61AA96BD35B3}.Debug|Any CPU.Build.0 = Debug|Any CPU
		{CDA0EE22-5294-46DC-A386-61AA96BD35B3}.Release|Any CPU.ActiveCfg = Release|Any CPU
		{CDA0EE22-5294-46DC-A386-61AA96BD35B3}.Release|Any CPU.Build.0 = Release|Any CPU
		{F4E7FB3E-B5DF-4800-84B6-ED8E68DBE322}.Debug|Any CPU.ActiveCfg = Debug|Any CPU
		{F4E7FB3E-B5DF-4800-84B6-ED8E68DBE322}.Debug|Any CPU.Build.0 = Debug|Any CPU
		{F4E7FB3E-B5DF-4800-84B6-ED8E68DBE322}.Release|Any CPU.ActiveCfg = Release|Any CPU
		{F4E7FB3E-B5DF-4800-84B6-ED8E68DBE322}.Release|Any CPU.Build.0 = Release|Any CPU
		{3575EE71-1BE3-4BBE-859B-AF90FE81B2B1}.Debug|Any CPU.ActiveCfg = Debug|Any CPU
		{3575EE71-1BE3-4BBE-859B-AF90FE81B2B1}.Debug|Any CPU.Build.0 = Debug|Any CPU
		{3575EE71-1BE3-4BBE-859B-AF90FE81B2B1}.Release|Any CPU.ActiveCfg = Release|Any CPU
		{3575EE71-1BE3-4BBE-859B-AF90FE81B2B1}.Release|Any CPU.Build.0 = Release|Any CPU
		{157CBB01-591B-4B25-B43F-0D59E2A5F386}.Debug|Any CPU.ActiveCfg = Debug|Any CPU
		{157CBB01-591B-4B25-B43F-0D59E2A5F386}.Debug|Any CPU.Build.0 = Debug|Any CPU
		{157CBB01-591B-4B25-B43F-0D59E2A5F386}.Release|Any CPU.ActiveCfg = Release|Any CPU
		{157CBB01-591B-4B25-B43F-0D59E2A5F386}.Release|Any CPU.Build.0 = Release|Any CPU
		{C4719446-C236-4443-B65F-88700039A29D}.Debug|Any CPU.ActiveCfg = Debug|Any CPU
		{C4719446-C236-4443-B65F-88700039A29D}.Debug|Any CPU.Build.0 = Debug|Any CPU
		{C4719446-C236-4443-B65F-88700039A29D}.Release|Any CPU.ActiveCfg = Release|Any CPU
		{C4719446-C236-4443-B65F-88700039A29D}.Release|Any CPU.Build.0 = Release|Any CPU
		{6E46DEA9-7518-46F3-ACD8-A8F741D32931}.Debug|Any CPU.ActiveCfg = Debug|Any CPU
		{6E46DEA9-7518-46F3-ACD8-A8F741D32931}.Debug|Any CPU.Build.0 = Debug|Any CPU
		{6E46DEA9-7518-46F3-ACD8-A8F741D32931}.Release|Any CPU.ActiveCfg = Release|Any CPU
		{6E46DEA9-7518-46F3-ACD8-A8F741D32931}.Release|Any CPU.Build.0 = Release|Any CPU
	EndGlobalSection
	GlobalSection(SolutionProperties) = preSolution
		HideSolutionNode = FALSE
	EndGlobalSection
	GlobalSection(NestedProjects) = preSolution
		{236DC791-C5FA-4230-AC90-A81A75E12B1E} = {26845C9C-047F-4304-99E6-7CDA3B635787}
		{CDA0EE22-5294-46DC-A386-61AA96BD35B3} = {C2369601-45EB-4E8A-AEE4-F71C5C14B006}
		{F4E7FB3E-B5DF-4800-84B6-ED8E68DBE322} = {F2B64E9C-93F4-495E-AF69-D9BA754CFD79}
		{3575EE71-1BE3-4BBE-859B-AF90FE81B2B1} = {F616864F-583F-4C04-84A4-029D694AF43C}
		{157CBB01-591B-4B25-B43F-0D59E2A5F386} = {F2B64E9C-93F4-495E-AF69-D9BA754CFD79}
		{C4719446-C236-4443-B65F-88700039A29D} = {F2B64E9C-93F4-495E-AF69-D9BA754CFD79}
		{6E46DEA9-7518-46F3-ACD8-A8F741D32931} = {F2B64E9C-93F4-495E-AF69-D9BA754CFD79}
	EndGlobalSection
	GlobalSection(ExtensibilityGlobals) = postSolution
		SolutionGuid = {9580996F-AFF6-4C05-BB26-60C3B611BFD8}
	EndGlobalSection
EndGlobal
